{
  "name": "immer-bug-reproduce",
  "version": "1.0.0",
  "lockfileVersion": 1,
  "requires": true,
  "dependencies": {
    "core-js-pure": {
      "version": "3.6.5",
      "resolved": "https://registry.npmjs.org/core-js-pure/-/core-js-pure-3.6.5.tgz",
      "integrity": "sha512-lacdXOimsiD0QyNf9BC/mxivNJ/ybBGJXQFKzRekp1WTHoVUWsUHEn+2T8GJAzzIhyOuXA+gOxCVN3l+5PLPUA=="
    },
    "immer": {
      "version": "6.0.3",
      "resolved": "https://registry.npmjs.org/immer/-/immer-6.0.3.tgz",
      "integrity": "sha512-12VvNrfSrXZdm/BJgi/KDW2soq5freVSf3I1+4CLunUM8mAGx2/0Njy0xBVzi5zewQZiwM7z1/1T+8VaI7NkmQ=="
    }
  }
}
